
Microsoft Visual Studio Solution File, Format Version 12.00
# Visual Studio Version 17
VisualStudioVersion = 17.13.35825.156
MinimumVisualStudioVersion = 10.0.40219.1
Project("{FAE04EC0-301F-11D3-BF4B-00C04F79EFBC}") = "ML.SampleApp", "ML.SampleApp\ML.SampleApp.csproj", "{3FC8573F-5407-4D18-BD1F-DF926D36E400}"
EndProject
Project("{FAE04EC0-301F-11D3-BF4B-00C04F79EFBC}") = "ContentSafetySampleCode", "ContentSafetySampleCode\ContentSafetySampleCode.csproj", "{2A514EA7-D590-4B82-B2C7-EE7B62EA1085}"
EndProject
Project("{FAE04EC0-301F-11D3-BF4B-00C04F79EFBC}") = "Classify-Text-Model", "Answer-questions-Model\Classify-Text-Model.csproj", "{DFC3EC69-5C49-40C3-AA45-29B1AAC4E1AB}"
EndProject
Project("{FAE04EC0-301F-11D3-BF4B-00C04F79EFBC}") = "Extract-Information-Model", "Extract-Information-Model\Extract-Information-Model.csproj", "{9206834D-1394-4666-AED5-01235C3201B5}"
EndProject
Project("{FAE04EC0-301F-11D3-BF4B-00C04F79EFBC}") = "Summarize-Text-Model", "Summarize-Text-Model\Summarize-Text-Model.csproj", "{89E5F919-7E48-4EE6-AE10-AA592CF19553}"
EndProject
Project("{FAE04EC0-301F-11D3-BF4B-00C04F79EFBC}") = "Summarize-Conversation-Model", "Summarize-Conversation-Model\Summarize-Conversation-Model.csproj", "{4BF54F28-4C7C-412C-A0BB-496BD23AC279}"
EndProject
Project("{FAE04EC0-301F-11D3-BF4B-00C04F79EFBC}") = "Sentiment-Analysis-Model", "Sentiment-Analysis-Model\Sentiment-Analysis-Model.csproj", "{67776CC8-B2E1-4020-8B89-636C2A86653D}"
EndProject
Global
	GlobalSection(SolutionConfigurationPlatforms) = preSolution
		Debug|Any CPU = Debug|Any CPU
		Release|Any CPU = Release|Any CPU
	EndGlobalSection
	GlobalSection(ProjectConfigurationPlatforms) = postSolution
		{3FC8573F-5407-4D18-BD1F-DF926D36E400}.Debug|Any CPU.ActiveCfg = Debug|Any CPU
		{3FC8573F-5407-4D18-BD1F-DF926D36E400}.Debug|Any CPU.Build.0 = Debug|Any CPU
		{3FC8573F-5407-4D18-BD1F-DF926D36E400}.Release|Any CPU.ActiveCfg = Release|Any CPU
		{3FC8573F-5407-4D18-BD1F-DF926D36E400}.Release|Any CPU.Build.0 = Release|Any CPU
		{2A514EA7-D590-4B82-B2C7-EE7B62EA1085}.Debug|Any CPU.ActiveCfg = Debug|Any CPU
		{2A514EA7-D590-4B82-B2C7-EE7B62EA1085}.Debug|Any CPU.Build.0 = Debug|Any CPU
		{2A514EA7-D590-4B82-B2C7-EE7B62EA1085}.Release|Any CPU.ActiveCfg = Release|Any CPU
		{2A514EA7-D590-4B82-B2C7-EE7B62EA1085}.Release|Any CPU.Build.0 = Release|Any CPU
		{DFC3EC69-5C49-40C3-AA45-29B1AAC4E1AB}.Debug|Any CPU.ActiveCfg = Debug|Any CPU
		{DFC3EC69-5C49-40C3-AA45-29B1AAC4E1AB}.Debug|Any CPU.Build.0 = Debug|Any CPU
		{DFC3EC69-5C49-40C3-AA45-29B1AAC4E1AB}.Release|Any CPU.ActiveCfg = Release|Any CPU
		{DFC3EC69-5C49-40C3-AA45-29B1AAC4E1AB}.Release|Any CPU.Build.0 = Release|Any CPU
		{9206834D-1394-4666-AED5-01235C3201B5}.Debug|Any CPU.ActiveCfg = Debug|Any CPU
		{9206834D-1394-4666-AED5-01235C3201B5}.Debug|Any CPU.Build.0 = Debug|Any CPU
		{9206834D-1394-4666-AED5-01235C3201B5}.Release|Any CPU.ActiveCfg = Release|Any CPU
		{9206834D-1394-4666-AED5-01235C3201B5}.Release|Any CPU.Build.0 = Release|Any CPU
		{89E5F919-7E48-4EE6-AE10-AA592CF19553}.Debug|Any CPU.ActiveCfg = Debug|Any CPU
		{89E5F919-7E48-4EE6-AE10-AA592CF19553}.Debug|Any CPU.Build.0 = Debug|Any CPU
		{89E5F919-7E48-4EE6-AE10-AA592CF19553}.Release|Any CPU.ActiveCfg = Release|Any CPU
		{89E5F919-7E48-4EE6-AE10-AA592CF19553}.Release|Any CPU.Build.0 = Release|Any CPU
		{4BF54F28-4C7C-412C-A0BB-496BD23AC279}.Debug|Any CPU.ActiveCfg = Debug|Any CPU
		{4BF54F28-4C7C-412C-A0BB-496BD23AC279}.Debug|Any CPU.Build.0 = Debug|Any CPU
		{4BF54F28-4C7C-412C-A0BB-496BD23AC279}.Release|Any CPU.ActiveCfg = Release|Any CPU
		{4BF54F28-4C7C-412C-A0BB-496BD23AC279}.Release|Any CPU.Build.0 = Release|Any CPU
		{67776CC8-B2E1-4020-8B89-636C2A86653D}.Debug|Any CPU.ActiveCfg = Debug|Any CPU
		{67776CC8-B2E1-4020-8B89-636C2A86653D}.Debug|Any CPU.Build.0 = Debug|Any CPU
		{67776CC8-B2E1-4020-8B89-636C2A86653D}.Release|Any CPU.ActiveCfg = Release|Any CPU
		{67776CC8-B2E1-4020-8B89-636C2A86653D}.Release|Any CPU.Build.0 = Release|Any CPU
	EndGlobalSection
	GlobalSection(SolutionProperties) = preSolution
		HideSolutionNode = FALSE
	EndGlobalSection
	GlobalSection(ExtensibilityGlobals) = postSolution
		SolutionGuid = {BA90C792-76BD-4112-8476-990C558B0009}
	EndGlobalSection
EndGlobal
